
Microsoft Visual Studio Solution File, Format Version 12.00
# Visual Studio 15
VisualStudioVersion = 15.0.27520.0
MinimumVisualStudioVersion = 10.0.40219.1
Project("{9A19103F-16F7-4668-BE54-9A1E7A4F7556}") = "SinjulMSBH_Blazor_Sample", "SinjulMSBH_Blazor_Sample\SinjulMSBH_Blazor_Sample.csproj", "{F37E6DCE-C770-4F7B-B019-C9A9918F8352}"
EndProject
Global
	GlobalSection(SolutionConfigurationPlatforms) = preSolution
		Debug|Any CPU = Debug|Any CPU
		Release|Any CPU = Release|Any CPU
	EndGlobalSection
	GlobalSection(ProjectConfigurationPlatforms) = postSolution
		{F37E6DCE-C770-4F7B-B019-C9A9918F8352}.Debug|Any CPU.ActiveCfg = Debug|Any CPU
		{F37E6DCE-C770-4F7B-B019-C9A9918F8352}.Debug|Any CPU.Build.0 = Debug|Any CPU
		{F37E6DCE-C770-4F7B-B019-C9A9918F8352}.Release|Any CPU.ActiveCfg = Release|Any CPU
		{F37E6DCE-C770-4F7B-B019-C9A9918F8352}.Release|Any CPU.Build.0 = Release|Any CPU
	EndGlobalSection
	GlobalSection(SolutionProperties) = preSolution
		HideSolutionNode = FALSE
	EndGlobalSection
	GlobalSection(ExtensibilityGlobals) = postSolution
		SolutionGuid = {4C6CFCB9-9BC4-4DCF-A470-7C9DD5DBF7C1}
	EndGlobalSection
EndGlobal
